// !$*UTF8*$!
{
	archiveVersion = 1;
	classes = {
	};
	objectVersion = 56;
	objects = {

/* Begin PBXBuildFile section */
		372AB133290DA2220025945B /* CacheModel+CoreDataClass.swift in Sources */ = {isa = PBXBuildFile; fileRef = 372AB131290DA2220025945B /* CacheModel+CoreDataClass.swift */; };
		372AB134290DA2220025945B /* CacheModel+CoreDataProperties.swift in Sources */ = {isa = PBXBuildFile; fileRef = 372AB132290DA2220025945B /* CacheModel+CoreDataProperties.swift */; };
		37EF7284290C042F0052D165 /* AppDelegate.swift in Sources */ = {isa = PBXBuildFile; fileRef = 37EF7283290C042F0052D165 /* AppDelegate.swift */; };
		37EF7286290C042F0052D165 /* SceneDelegate.swift in Sources */ = {isa = PBXBuildFile; fileRef = 37EF7285290C042F0052D165 /* SceneDelegate.swift */; };
		37EF728E290C042F0052D165 /* AvitoInternshipTask.xcdatamodeld in Sources */ = {isa = PBXBuildFile; fileRef = 37EF728C290C042F0052D165 /* AvitoInternshipTask.xcdatamodeld */; };
		37EF7290290C04310052D165 /* Assets.xcassets in Resources */ = {isa = PBXBuildFile; fileRef = 37EF728F290C04310052D165 /* Assets.xcassets */; };
		37EF7293290C04310052D165 /* LaunchScreen.storyboard in Resources */ = {isa = PBXBuildFile; fileRef = 37EF7291290C04310052D165 /* LaunchScreen.storyboard */; };
		37EF72A4290C049D0052D165 /* ApplicationManager.swift in Sources */ = {isa = PBXBuildFile; fileRef = 37EF72A1290C049D0052D165 /* ApplicationManager.swift */; };
		37EF72AA290C04AE0052D165 /* LandingViewController.swift in Sources */ = {isa = PBXBuildFile; fileRef = 37EF72A7290C04AE0052D165 /* LandingViewController.swift */; };
		37EF72AB290C04AE0052D165 /* CollectionViewConfigurator.swift in Sources */ = {isa = PBXBuildFile; fileRef = 37EF72A8290C04AE0052D165 /* CollectionViewConfigurator.swift */; };
		37EF72AC290C04AE0052D165 /* LandingPresenter.swift in Sources */ = {isa = PBXBuildFile; fileRef = 37EF72A9290C04AE0052D165 /* LandingPresenter.swift */; };
		37EF72B1290C096E0052D165 /* CompanyModel.swift in Sources */ = {isa = PBXBuildFile; fileRef = 37EF72B0290C096E0052D165 /* CompanyModel.swift */; };
		37EF72B3290C22030052D165 /* DataManager.swift in Sources */ = {isa = PBXBuildFile; fileRef = 37EF72B2290C22030052D165 /* DataManager.swift */; };
		37EF72B5290C22240052D165 /* NetworkManager.swift in Sources */ = {isa = PBXBuildFile; fileRef = 37EF72B4290C22240052D165 /* NetworkManager.swift */; };
		37EF72B7290C22360052D165 /* CoreDataManager.swift in Sources */ = {isa = PBXBuildFile; fileRef = 37EF72B6290C22360052D165 /* CoreDataManager.swift */; };
		37EF72B9290C23D60052D165 /* NetworkDataTaskFactory.swift in Sources */ = {isa = PBXBuildFile; fileRef = 37EF72B8290C23D60052D165 /* NetworkDataTaskFactory.swift */; };
		37EF72C1290C337E0052D165 /* AvitoInternshipTaskTests.swift in Sources */ = {isa = PBXBuildFile; fileRef = 37EF72C0290C337E0052D165 /* AvitoInternshipTaskTests.swift */; };
		37EF72C8290C33AD0052D165 /* NetworkManagerTests.swift in Sources */ = {isa = PBXBuildFile; fileRef = 37EF72C7290C33AD0052D165 /* NetworkManagerTests.swift */; };
		37EF72CB290C4FBE0052D165 /* ParseManager.swift in Sources */ = {isa = PBXBuildFile; fileRef = 37EF72CA290C4FBE0052D165 /* ParseManager.swift */; };
		37EF72CD290D42560052D165 /* LandingEmploeeCell.swift in Sources */ = {isa = PBXBuildFile; fileRef = 37EF72CC290D42550052D165 /* LandingEmploeeCell.swift */; };
		37EF72D0290D455A0052D165 /* UICollectionViewCell+Ext.swift in Sources */ = {isa = PBXBuildFile; fileRef = 37EF72CF290D455A0052D165 /* UICollectionViewCell+Ext.swift */; };
		37EF72D2290D461E0052D165 /* UICollectionView+Ext.swift in Sources */ = {isa = PBXBuildFile; fileRef = 37EF72D1290D461E0052D165 /* UICollectionView+Ext.swift */; };
/* End PBXBuildFile section */

/* Begin PBXContainerItemProxy section */
		37EF72C2290C337E0052D165 /* PBXContainerItemProxy */ = {
			isa = PBXContainerItemProxy;
			containerPortal = 37EF7278290C042F0052D165 /* Project object */;
			proxyType = 1;
			remoteGlobalIDString = 37EF727F290C042F0052D165;
			remoteInfo = AvitoInternshipTask;
		};
/* End PBXContainerItemProxy section */

/* Begin PBXFileReference section */
		372AB131290DA2220025945B /* CacheModel+CoreDataClass.swift */ = {isa = PBXFileReference; lastKnownFileType = sourcecode.swift; path = "CacheModel+CoreDataClass.swift"; sourceTree = "<group>"; };
		372AB132290DA2220025945B /* CacheModel+CoreDataProperties.swift */ = {isa = PBXFileReference; lastKnownFileType = sourcecode.swift; path = "CacheModel+CoreDataProperties.swift"; sourceTree = "<group>"; };
		37EF7280290C042F0052D165 /* AvitoInternshipTask.app */ = {isa = PBXFileReference; explicitFileType = wrapper.application; includeInIndex = 0; path = AvitoInternshipTask.app; sourceTree = BUILT_PRODUCTS_DIR; };
		37EF7283290C042F0052D165 /* AppDelegate.swift */ = {isa = PBXFileReference; lastKnownFileType = sourcecode.swift; path = AppDelegate.swift; sourceTree = "<group>"; };
		37EF7285290C042F0052D165 /* SceneDelegate.swift */ = {isa = PBXFileReference; lastKnownFileType = sourcecode.swift; path = SceneDelegate.swift; sourceTree = "<group>"; };
		37EF728D290C042F0052D165 /* AvitoInternshipTask.xcdatamodel */ = {isa = PBXFileReference; lastKnownFileType = wrapper.xcdatamodel; path = AvitoInternshipTask.xcdatamodel; sourceTree = "<group>"; };
		37EF728F290C04310052D165 /* Assets.xcassets */ = {isa = PBXFileReference; lastKnownFileType = folder.assetcatalog; path = Assets.xcassets; sourceTree = "<group>"; };
		37EF7292290C04310052D165 /* Base */ = {isa = PBXFileReference; lastKnownFileType = file.storyboard; name = Base; path = Base.lproj/LaunchScreen.storyboard; sourceTree = "<group>"; };
		37EF7294290C04310052D165 /* Info.plist */ = {isa = PBXFileReference; lastKnownFileType = text.plist.xml; path = Info.plist; sourceTree = "<group>"; };
		37EF72A1290C049D0052D165 /* ApplicationManager.swift */ = {isa = PBXFileReference; fileEncoding = 4; lastKnownFileType = sourcecode.swift; path = ApplicationManager.swift; sourceTree = "<group>"; };
		37EF72A7290C04AE0052D165 /* LandingViewController.swift */ = {isa = PBXFileReference; fileEncoding = 4; lastKnownFileType = sourcecode.swift; path = LandingViewController.swift; sourceTree = "<group>"; };
		37EF72A8290C04AE0052D165 /* CollectionViewConfigurator.swift */ = {isa = PBXFileReference; fileEncoding = 4; lastKnownFileType = sourcecode.swift; path = CollectionViewConfigurator.swift; sourceTree = "<group>"; };
		37EF72A9290C04AE0052D165 /* LandingPresenter.swift */ = {isa = PBXFileReference; fileEncoding = 4; lastKnownFileType = sourcecode.swift; path = LandingPresenter.swift; sourceTree = "<group>"; };
		37EF72B0290C096E0052D165 /* CompanyModel.swift */ = {isa = PBXFileReference; lastKnownFileType = sourcecode.swift; path = CompanyModel.swift; sourceTree = "<group>"; };
		37EF72B2290C22030052D165 /* DataManager.swift */ = {isa = PBXFileReference; lastKnownFileType = sourcecode.swift; path = DataManager.swift; sourceTree = "<group>"; };
		37EF72B4290C22240052D165 /* NetworkManager.swift */ = {isa = PBXFileReference; lastKnownFileType = sourcecode.swift; path = NetworkManager.swift; sourceTree = "<group>"; };
		37EF72B6290C22360052D165 /* CoreDataManager.swift */ = {isa = PBXFileReference; lastKnownFileType = sourcecode.swift; path = CoreDataManager.swift; sourceTree = "<group>"; };
		37EF72B8290C23D60052D165 /* NetworkDataTaskFactory.swift */ = {isa = PBXFileReference; lastKnownFileType = sourcecode.swift; path = NetworkDataTaskFactory.swift; sourceTree = "<group>"; };
		37EF72BE290C337E0052D165 /* AvitoInternshipTaskTests.xctest */ = {isa = PBXFileReference; explicitFileType = wrapper.cfbundle; includeInIndex = 0; path = AvitoInternshipTaskTests.xctest; sourceTree = BUILT_PRODUCTS_DIR; };
		37EF72C0290C337E0052D165 /* AvitoInternshipTaskTests.swift */ = {isa = PBXFileReference; lastKnownFileType = sourcecode.swift; path = AvitoInternshipTaskTests.swift; sourceTree = "<group>"; };
		37EF72C7290C33AD0052D165 /* NetworkManagerTests.swift */ = {isa = PBXFileReference; lastKnownFileType = sourcecode.swift; path = NetworkManagerTests.swift; sourceTree = "<group>"; };
		37EF72CA290C4FBE0052D165 /* ParseManager.swift */ = {isa = PBXFileReference; lastKnownFileType = sourcecode.swift; path = ParseManager.swift; sourceTree = "<group>"; };
		37EF72CC290D42550052D165 /* LandingEmploeeCell.swift */ = {isa = PBXFileReference; lastKnownFileType = sourcecode.swift; path = LandingEmploeeCell.swift; sourceTree = "<group>"; };
		37EF72CF290D455A0052D165 /* UICollectionViewCell+Ext.swift */ = {isa = PBXFileReference; lastKnownFileType = sourcecode.swift; path = "UICollectionViewCell+Ext.swift"; sourceTree = "<group>"; };
		37EF72D1290D461E0052D165 /* UICollectionView+Ext.swift */ = {isa = PBXFileReference; lastKnownFileType = sourcecode.swift; path = "UICollectionView+Ext.swift"; sourceTree = "<group>"; };
/* End PBXFileReference section */

/* Begin PBXFrameworksBuildPhase section */
		37EF727D290C042F0052D165 /* Frameworks */ = {
			isa = PBXFrameworksBuildPhase;
			buildActionMask = 2147483647;
			files = (
			);
			runOnlyForDeploymentPostprocessing = 0;
		};
		37EF72BB290C337E0052D165 /* Frameworks */ = {
			isa = PBXFrameworksBuildPhase;
			buildActionMask = 2147483647;
			files = (
			);
			runOnlyForDeploymentPostprocessing = 0;
		};
/* End PBXFrameworksBuildPhase section */

/* Begin PBXGroup section */
		372AB135290DA22C0025945B /* CoreDataModels */ = {
			isa = PBXGroup;
			children = (
				372AB131290DA2220025945B /* CacheModel+CoreDataClass.swift */,
				372AB132290DA2220025945B /* CacheModel+CoreDataProperties.swift */,
			);
			path = CoreDataModels;
			sourceTree = "<group>";
		};
		37EF7277290C042F0052D165 = {
			isa = PBXGroup;
			children = (
				37EF7282290C042F0052D165 /* AvitoInternshipTask */,
				37EF72BF290C337E0052D165 /* AvitoInternshipTaskTests */,
				37EF7281290C042F0052D165 /* Products */,
			);
			sourceTree = "<group>";
		};
		37EF7281290C042F0052D165 /* Products */ = {
			isa = PBXGroup;
			children = (
				37EF7280290C042F0052D165 /* AvitoInternshipTask.app */,
				37EF72BE290C337E0052D165 /* AvitoInternshipTaskTests.xctest */,
			);
			name = Products;
			sourceTree = "<group>";
		};
		37EF7282290C042F0052D165 /* AvitoInternshipTask */ = {
			isa = PBXGroup;
			children = (
				37EF729A290C049D0052D165 /* Managers */,
				37EF72A5290C04AE0052D165 /* Screens */,
				37EF72CE290D45440052D165 /* Extensions */,
				37EF72AD290C06F20052D165 /* Other */,
				37EF7294290C04310052D165 /* Info.plist */,
			);
			path = AvitoInternshipTask;
			sourceTree = "<group>";
		};
		37EF729A290C049D0052D165 /* Managers */ = {
			isa = PBXGroup;
			children = (
				37EF72A1290C049D0052D165 /* ApplicationManager.swift */,
				37EF729B290C049D0052D165 /* DataManager */,
				37EF729C290C049D0052D165 /* Network */,
				37EF72C9290C4FAA0052D165 /* Parse */,
				37EF729D290C049D0052D165 /* CoreData */,
				37EF72A0290C049D0052D165 /* Models */,
				37EF72A2290C049D0052D165 /* Reachability */,
			);
			path = Managers;
			sourceTree = "<group>";
		};
		37EF729B290C049D0052D165 /* DataManager */ = {
			isa = PBXGroup;
			children = (
				37EF72B2290C22030052D165 /* DataManager.swift */,
			);
			path = DataManager;
			sourceTree = "<group>";
		};
		37EF729C290C049D0052D165 /* Network */ = {
			isa = PBXGroup;
			children = (
				37EF72B4290C22240052D165 /* NetworkManager.swift */,
				37EF72B8290C23D60052D165 /* NetworkDataTaskFactory.swift */,
			);
			path = Network;
			sourceTree = "<group>";
		};
		37EF729D290C049D0052D165 /* CoreData */ = {
			isa = PBXGroup;
			children = (
				37EF72B6290C22360052D165 /* CoreDataManager.swift */,
				37EF728C290C042F0052D165 /* AvitoInternshipTask.xcdatamodeld */,
				372AB135290DA22C0025945B /* CoreDataModels */,
			);
			path = CoreData;
			sourceTree = "<group>";
		};
		37EF72A0290C049D0052D165 /* Models */ = {
			isa = PBXGroup;
			children = (
				37EF72B0290C096E0052D165 /* CompanyModel.swift */,
			);
			path = Models;
			sourceTree = "<group>";
		};
		37EF72A2290C049D0052D165 /* Reachability */ = {
			isa = PBXGroup;
			children = (
			);
			path = Reachability;
			sourceTree = "<group>";
		};
		37EF72A5290C04AE0052D165 /* Screens */ = {
			isa = PBXGroup;
			children = (
				37EF72A6290C04AE0052D165 /* Landing */,
			);
			path = Screens;
			sourceTree = "<group>";
		};
		37EF72A6290C04AE0052D165 /* Landing */ = {
			isa = PBXGroup;
			children = (
				37EF72A7290C04AE0052D165 /* LandingViewController.swift */,
				37EF72A9290C04AE0052D165 /* LandingPresenter.swift */,
				37EF72CC290D42550052D165 /* LandingEmploeeCell.swift */,
				37EF72A8290C04AE0052D165 /* CollectionViewConfigurator.swift */,
			);
			path = Landing;
			sourceTree = "<group>";
		};
		37EF72AD290C06F20052D165 /* Other */ = {
			isa = PBXGroup;
			children = (
				37EF7283290C042F0052D165 /* AppDelegate.swift */,
				37EF7285290C042F0052D165 /* SceneDelegate.swift */,
				37EF728F290C04310052D165 /* Assets.xcassets */,
				37EF7291290C04310052D165 /* LaunchScreen.storyboard */,
			);
			path = Other;
			sourceTree = "<group>";
		};
		37EF72BF290C337E0052D165 /* AvitoInternshipTaskTests */ = {
			isa = PBXGroup;
			children = (
				37EF72C7290C33AD0052D165 /* NetworkManagerTests.swift */,
				37EF72C0290C337E0052D165 /* AvitoInternshipTaskTests.swift */,
			);
			path = AvitoInternshipTaskTests;
			sourceTree = "<group>";
		};
		37EF72C9290C4FAA0052D165 /* Parse */ = {
			isa = PBXGroup;
			children = (
				37EF72CA290C4FBE0052D165 /* ParseManager.swift */,
			);
			path = Parse;
			sourceTree = "<group>";
		};
		37EF72CE290D45440052D165 /* Extensions */ = {
			isa = PBXGroup;
			children = (
				37EF72CF290D455A0052D165 /* UICollectionViewCell+Ext.swift */,
				37EF72D1290D461E0052D165 /* UICollectionView+Ext.swift */,
			);
			path = Extensions;
			sourceTree = "<group>";
		};
/* End PBXGroup section */

/* Begin PBXNativeTarget section */
		37EF727F290C042F0052D165 /* AvitoInternshipTask */ = {
			isa = PBXNativeTarget;
			buildConfigurationList = 37EF7297290C04310052D165 /* Build configuration list for PBXNativeTarget "AvitoInternshipTask" */;
			buildPhases = (
				37EF727C290C042F0052D165 /* Sources */,
				37EF727D290C042F0052D165 /* Frameworks */,
				37EF727E290C042F0052D165 /* Resources */,
			);
			buildRules = (
			);
			dependencies = (
			);
			name = AvitoInternshipTask;
			productName = AvitoInternshipTask;
			productReference = 37EF7280290C042F0052D165 /* AvitoInternshipTask.app */;
			productType = "com.apple.product-type.application";
		};
		37EF72BD290C337E0052D165 /* AvitoInternshipTaskTests */ = {
			isa = PBXNativeTarget;
			buildConfigurationList = 37EF72C4290C337F0052D165 /* Build configuration list for PBXNativeTarget "AvitoInternshipTaskTests" */;
			buildPhases = (
				37EF72BA290C337E0052D165 /* Sources */,
				37EF72BB290C337E0052D165 /* Frameworks */,
				37EF72BC290C337E0052D165 /* Resources */,
			);
			buildRules = (
			);
			dependencies = (
				37EF72C3290C337E0052D165 /* PBXTargetDependency */,
			);
			name = AvitoInternshipTaskTests;
			productName = AvitoInternshipTaskTests;
			productReference = 37EF72BE290C337E0052D165 /* AvitoInternshipTaskTests.xctest */;
			productType = "com.apple.product-type.bundle.unit-test";
		};
/* End PBXNativeTarget section */

/* Begin PBXProject section */
		37EF7278290C042F0052D165 /* Project object */ = {
			isa = PBXProject;
			attributes = {
				BuildIndependentTargetsInParallel = 1;
				LastSwiftUpdateCheck = 1400;
				LastUpgradeCheck = 1400;
				TargetAttributes = {
					37EF727F290C042F0052D165 = {
						CreatedOnToolsVersion = 14.0.1;
					};
					37EF72BD290C337E0052D165 = {
						CreatedOnToolsVersion = 14.0.1;
						TestTargetID = 37EF727F290C042F0052D165;
					};
				};
			};
			buildConfigurationList = 37EF727B290C042F0052D165 /* Build configuration list for PBXProject "AvitoInternshipTask" */;
			compatibilityVersion = "Xcode 14.0";
			developmentRegion = en;
			hasScannedForEncodings = 0;
			knownRegions = (
				en,
				Base,
			);
			mainGroup = 37EF7277290C042F0052D165;
			productRefGroup = 37EF7281290C042F0052D165 /* Products */;
			projectDirPath = "";
			projectRoot = "";
			targets = (
				37EF727F290C042F0052D165 /* AvitoInternshipTask */,
				37EF72BD290C337E0052D165 /* AvitoInternshipTaskTests */,
			);
		};
/* End PBXProject section */

/* Begin PBXResourcesBuildPhase section */
		37EF727E290C042F0052D165 /* Resources */ = {
			isa = PBXResourcesBuildPhase;
			buildActionMask = 2147483647;
			files = (
				37EF7293290C04310052D165 /* LaunchScreen.storyboard in Resources */,
				37EF7290290C04310052D165 /* Assets.xcassets in Resources */,
			);
			runOnlyForDeploymentPostprocessing = 0;
		};
		37EF72BC290C337E0052D165 /* Resources */ = {
			isa = PBXResourcesBuildPhase;
			buildActionMask = 2147483647;
			files = (
			);
			runOnlyForDeploymentPostprocessing = 0;
		};
/* End PBXResourcesBuildPhase section */

/* Begin PBXSourcesBuildPhase section */
		37EF727C290C042F0052D165 /* Sources */ = {
			isa = PBXSourcesBuildPhase;
			buildActionMask = 2147483647;
			files = (
				37EF728E290C042F0052D165 /* AvitoInternshipTask.xcdatamodeld in Sources */,
				37EF7284290C042F0052D165 /* AppDelegate.swift in Sources */,
				37EF72D0290D455A0052D165 /* UICollectionViewCell+Ext.swift in Sources */,
				37EF72B5290C22240052D165 /* NetworkManager.swift in Sources */,
				372AB134290DA2220025945B /* CacheModel+CoreDataProperties.swift in Sources */,
				37EF72CD290D42560052D165 /* LandingEmploeeCell.swift in Sources */,
				37EF72A4290C049D0052D165 /* ApplicationManager.swift in Sources */,
				37EF72D2290D461E0052D165 /* UICollectionView+Ext.swift in Sources */,
				37EF72AA290C04AE0052D165 /* LandingViewController.swift in Sources */,
				372AB133290DA2220025945B /* CacheModel+CoreDataClass.swift in Sources */,
				37EF72AB290C04AE0052D165 /* CollectionViewConfigurator.swift in Sources */,
				37EF72B1290C096E0052D165 /* CompanyModel.swift in Sources */,
				37EF72AC290C04AE0052D165 /* LandingPresenter.swift in Sources */,
				37EF72B3290C22030052D165 /* DataManager.swift in Sources */,
				37EF72B9290C23D60052D165 /* NetworkDataTaskFactory.swift in Sources */,
				37EF7286290C042F0052D165 /* SceneDelegate.swift in Sources */,
				37EF72B7290C22360052D165 /* CoreDataManager.swift in Sources */,
				37EF72CB290C4FBE0052D165 /* ParseManager.swift in Sources */,
			);
			runOnlyForDeploymentPostprocessing = 0;
		};
		37EF72BA290C337E0052D165 /* Sources */ = {
			isa = PBXSourcesBuildPhase;
			buildActionMask = 2147483647;
			files = (
				37EF72C8290C33AD0052D165 /* NetworkManagerTests.swift in Sources */,
				37EF72C1290C337E0052D165 /* AvitoInternshipTaskTests.swift in Sources */,
			);
			runOnlyForDeploymentPostprocessing = 0;
		};
/* End PBXSourcesBuildPhase section */

/* Begin PBXTargetDependency section */
		37EF72C3290C337E0052D165 /* PBXTargetDependency */ = {
			isa = PBXTargetDependency;
			target = 37EF727F290C042F0052D165 /* AvitoInternshipTask */;
			targetProxy = 37EF72C2290C337E0052D165 /* PBXContainerItemProxy */;
		};
/* End PBXTargetDependency section */

/* Begin PBXVariantGroup section */
		37EF7291290C04310052D165 /* LaunchScreen.storyboard */ = {
			isa = PBXVariantGroup;
			children = (
				37EF7292290C04310052D165 /* Base */,
			);
			name = LaunchScreen.storyboard;
			sourceTree = "<group>";
		};
/* End PBXVariantGroup section */

/* Begin XCBuildConfiguration section */
		37EF7295290C04310052D165 /* Debug */ = {
			isa = XCBuildConfiguration;
			buildSettings = {
				ALWAYS_SEARCH_USER_PATHS = NO;
				CLANG_ANALYZER_NONNULL = YES;
				CLANG_ANALYZER_NUMBER_OBJECT_CONVERSION = YES_AGGRESSIVE;
				CLANG_CXX_LANGUAGE_STANDARD = "gnu++20";
				CLANG_ENABLE_MODULES = YES;
				CLANG_ENABLE_OBJC_ARC = YES;
				CLANG_ENABLE_OBJC_WEAK = YES;
				CLANG_WARN_BLOCK_CAPTURE_AUTORELEASING = YES;
				CLANG_WARN_BOOL_CONVERSION = YES;
				CLANG_WARN_COMMA = YES;
				CLANG_WARN_CONSTANT_CONVERSION = YES;
				CLANG_WARN_DEPRECATED_OBJC_IMPLEMENTATIONS = YES;
				CLANG_WARN_DIRECT_OBJC_ISA_USAGE = YES_ERROR;
				CLANG_WARN_DOCUMENTATION_COMMENTS = YES;
				CLANG_WARN_EMPTY_BODY = YES;
				CLANG_WARN_ENUM_CONVERSION = YES;
				CLANG_WARN_INFINITE_RECURSION = YES;
				CLANG_WARN_INT_CONVERSION = YES;
				CLANG_WARN_NON_LITERAL_NULL_CONVERSION = YES;
				CLANG_WARN_OBJC_IMPLICIT_RETAIN_SELF = YES;
				CLANG_WARN_OBJC_LITERAL_CONVERSION = YES;
				CLANG_WARN_OBJC_ROOT_CLASS = YES_ERROR;
				CLANG_WARN_QUOTED_INCLUDE_IN_FRAMEWORK_HEADER = YES;
				CLANG_WARN_RANGE_LOOP_ANALYSIS = YES;
				CLANG_WARN_STRICT_PROTOTYPES = YES;
				CLANG_WARN_SUSPICIOUS_MOVE = YES;
				CLANG_WARN_UNGUARDED_AVAILABILITY = YES_AGGRESSIVE;
				CLANG_WARN_UNREACHABLE_CODE = YES;
				CLANG_WARN__DUPLICATE_METHOD_MATCH = YES;
				COPY_PHASE_STRIP = NO;
				DEBUG_INFORMATION_FORMAT = dwarf;
				ENABLE_STRICT_OBJC_MSGSEND = YES;
				ENABLE_TESTABILITY = YES;
				GCC_C_LANGUAGE_STANDARD = gnu11;
				GCC_DYNAMIC_NO_PIC = NO;
				GCC_NO_COMMON_BLOCKS = YES;
				GCC_OPTIMIZATION_LEVEL = 0;
				GCC_PREPROCESSOR_DEFINITIONS = (
					"DEBUG=1",
					"$(inherited)",
				);
				GCC_WARN_64_TO_32_BIT_CONVERSION = YES;
				GCC_WARN_ABOUT_RETURN_TYPE = YES_ERROR;
				GCC_WARN_UNDECLARED_SELECTOR = YES;
				GCC_WARN_UNINITIALIZED_AUTOS = YES_AGGRESSIVE;
				GCC_WARN_UNUSED_FUNCTION = YES;
				GCC_WARN_UNUSED_VARIABLE = YES;
				IPHONEOS_DEPLOYMENT_TARGET = 13.0;
				MTL_ENABLE_DEBUG_INFO = INCLUDE_SOURCE;
				MTL_FAST_MATH = YES;
				ONLY_ACTIVE_ARCH = YES;
				SDKROOT = iphoneos;
				SWIFT_ACTIVE_COMPILATION_CONDITIONS = DEBUG;
				SWIFT_OPTIMIZATION_LEVEL = "-Onone";
			};
			name = Debug;
		};
		37EF7296290C04310052D165 /* Release */ = {
			isa = XCBuildConfiguration;
			buildSettings = {
				ALWAYS_SEARCH_USER_PATHS = NO;
				CLANG_ANALYZER_NONNULL = YES;
				CLANG_ANALYZER_NUMBER_OBJECT_CONVERSION = YES_AGGRESSIVE;
				CLANG_CXX_LANGUAGE_STANDARD = "gnu++20";
				CLANG_ENABLE_MODULES = YES;
				CLANG_ENABLE_OBJC_ARC = YES;
				CLANG_ENABLE_OBJC_WEAK = YES;
				CLANG_WARN_BLOCK_CAPTURE_AUTORELEASING = YES;
				CLANG_WARN_BOOL_CONVERSION = YES;
				CLANG_WARN_COMMA = YES;
				CLANG_WARN_CONSTANT_CONVERSION = YES;
				CLANG_WARN_DEPRECATED_OBJC_IMPLEMENTATIONS = YES;
				CLANG_WARN_DIRECT_OBJC_ISA_USAGE = YES_ERROR;
				CLANG_WARN_DOCUMENTATION_COMMENTS = YES;
				CLANG_WARN_EMPTY_BODY = YES;
				CLANG_WARN_ENUM_CONVERSION = YES;
				CLANG_WARN_INFINITE_RECURSION = YES;
				CLANG_WARN_INT_CONVERSION = YES;
				CLANG_WARN_NON_LITERAL_NULL_CONVERSION = YES;
				CLANG_WARN_OBJC_IMPLICIT_RETAIN_SELF = YES;
				CLANG_WARN_OBJC_LITERAL_CONVERSION = YES;
				CLANG_WARN_OBJC_ROOT_CLASS = YES_ERROR;
				CLANG_WARN_QUOTED_INCLUDE_IN_FRAMEWORK_HEADER = YES;
				CLANG_WARN_RANGE_LOOP_ANALYSIS = YES;
				CLANG_WARN_STRICT_PROTOTYPES = YES;
				CLANG_WARN_SUSPICIOUS_MOVE = YES;
				CLANG_WARN_UNGUARDED_AVAILABILITY = YES_AGGRESSIVE;
				CLANG_WARN_UNREACHABLE_CODE = YES;
				CLANG_WARN__DUPLICATE_METHOD_MATCH = YES;
				COPY_PHASE_STRIP = NO;
				DEBUG_INFORMATION_FORMAT = "dwarf-with-dsym";
				ENABLE_NS_ASSERTIONS = NO;
				ENABLE_STRICT_OBJC_MSGSEND = YES;
				GCC_C_LANGUAGE_STANDARD = gnu11;
				GCC_NO_COMMON_BLOCKS = YES;
				GCC_WARN_64_TO_32_BIT_CONVERSION = YES;
				GCC_WARN_ABOUT_RETURN_TYPE = YES_ERROR;
				GCC_WARN_UNDECLARED_SELECTOR = YES;
				GCC_WARN_UNINITIALIZED_AUTOS = YES_AGGRESSIVE;
				GCC_WARN_UNUSED_FUNCTION = YES;
				GCC_WARN_UNUSED_VARIABLE = YES;
				IPHONEOS_DEPLOYMENT_TARGET = 13.0;
				MTL_ENABLE_DEBUG_INFO = NO;
				MTL_FAST_MATH = YES;
				SDKROOT = iphoneos;
				SWIFT_COMPILATION_MODE = wholemodule;
				SWIFT_OPTIMIZATION_LEVEL = "-O";
				VALIDATE_PRODUCT = YES;
			};
			name = Release;
		};
		37EF7298290C04310052D165 /* Debug */ = {
			isa = XCBuildConfiguration;
			buildSettings = {
				ASSETCATALOG_COMPILER_APPICON_NAME = AppIcon;
				ASSETCATALOG_COMPILER_GLOBAL_ACCENT_COLOR_NAME = AccentColor;
				CODE_SIGN_STYLE = Automatic;
				CURRENT_PROJECT_VERSION = 1;
				GENERATE_INFOPLIST_FILE = YES;
				INFOPLIST_FILE = AvitoInternshipTask/Info.plist;
				INFOPLIST_KEY_UIApplicationSupportsIndirectInputEvents = YES;
				INFOPLIST_KEY_UILaunchStoryboardName = LaunchScreen;
				INFOPLIST_KEY_UIMainStoryboardFile = "";
				INFOPLIST_KEY_UISupportedInterfaceOrientations_iPad = "UIInterfaceOrientationPortrait UIInterfaceOrientationPortraitUpsideDown UIInterfaceOrientationLandscapeLeft UIInterfaceOrientationLandscapeRight";
				INFOPLIST_KEY_UISupportedInterfaceOrientations_iPhone = "UIInterfaceOrientationPortrait UIInterfaceOrientationLandscapeLeft UIInterfaceOrientationLandscapeRight";
				LD_RUNPATH_SEARCH_PATHS = (
					"$(inherited)",
					"@executable_path/Frameworks",
				);
				MARKETING_VERSION = 1.0;
				PRODUCT_BUNDLE_IDENTIFIER = vito.AvitoInternshipTask;
				PRODUCT_NAME = "$(TARGET_NAME)";
				SUPPORTED_PLATFORMS = "iphoneos iphonesimulator";
				SUPPORTS_MACCATALYST = NO;
				SUPPORTS_MAC_DESIGNED_FOR_IPHONE_IPAD = NO;
				SWIFT_EMIT_LOC_STRINGS = YES;
				SWIFT_VERSION = 5.0;
				TARGETED_DEVICE_FAMILY = "1,2";
			};
			name = Debug;
		};
		37EF7299290C04310052D165 /* Release */ = {
			isa = XCBuildConfiguration;
			buildSettings = {
				ASSETCATALOG_COMPILER_APPICON_NAME = AppIcon;
				ASSETCATALOG_COMPILER_GLOBAL_ACCENT_COLOR_NAME = AccentColor;
				CODE_SIGN_STYLE = Automatic;
				CURRENT_PROJECT_VERSION = 1;
				GENERATE_INFOPLIST_FILE = YES;
				INFOPLIST_FILE = AvitoInternshipTask/Info.plist;
				INFOPLIST_KEY_UIApplicationSupportsIndirectInputEvents = YES;
				INFOPLIST_KEY_UILaunchStoryboardName = LaunchScreen;
				INFOPLIST_KEY_UIMainStoryboardFile = "";
				INFOPLIST_KEY_UISupportedInterfaceOrientations_iPad = "UIInterfaceOrientationPortrait UIInterfaceOrientationPortraitUpsideDown UIInterfaceOrientationLandscapeLeft UIInterfaceOrientationLandscapeRight";
				INFOPLIST_KEY_UISupportedInterfaceOrientations_iPhone = "UIInterfaceOrientationPortrait UIInterfaceOrientationLandscapeLeft UIInterfaceOrientationLandscapeRight";
				LD_RUNPATH_SEARCH_PATHS = (
					"$(inherited)",
					"@executable_path/Frameworks",
				);
				MARKETING_VERSION = 1.0;
				PRODUCT_BUNDLE_IDENTIFIER = vito.AvitoInternshipTask;
				PRODUCT_NAME = "$(TARGET_NAME)";
				SUPPORTED_PLATFORMS = "iphoneos iphonesimulator";
				SUPPORTS_MACCATALYST = NO;
				SUPPORTS_MAC_DESIGNED_FOR_IPHONE_IPAD = NO;
				SWIFT_EMIT_LOC_STRINGS = YES;
				SWIFT_VERSION = 5.0;
				TARGETED_DEVICE_FAMILY = "1,2";
			};
			name = Release;
		};
		37EF72C5290C337F0052D165 /* Debug */ = {
			isa = XCBuildConfiguration;
			buildSettings = {
				BUNDLE_LOADER = "$(TEST_HOST)";
				CODE_SIGN_STYLE = Automatic;
				CURRENT_PROJECT_VERSION = 1;
				GENERATE_INFOPLIST_FILE = YES;
				IPHONEOS_DEPLOYMENT_TARGET = 16.0;
				MACOSX_DEPLOYMENT_TARGET = 12.3;
				MARKETING_VERSION = 1.0;
				PRODUCT_BUNDLE_IDENTIFIER = vito.AvitoInternshipTaskTests;
				PRODUCT_NAME = "$(TARGET_NAME)";
				SDKROOT = auto;
				SUPPORTED_PLATFORMS = "iphoneos iphonesimulator macosx";
				SWIFT_EMIT_LOC_STRINGS = NO;
				SWIFT_VERSION = 5.0;
				TARGETED_DEVICE_FAMILY = "1,2";
				TEST_HOST = "$(BUILT_PRODUCTS_DIR)/AvitoInternshipTask.app/$(BUNDLE_EXECUTABLE_FOLDER_PATH)/AvitoInternshipTask";
			};
			name = Debug;
		};
		37EF72C6290C337F0052D165 /* Release */ = {
			isa = XCBuildConfiguration;
			buildSettings = {
				BUNDLE_LOADER = "$(TEST_HOST)";
				CODE_SIGN_STYLE = Automatic;
				CURRENT_PROJECT_VERSION = 1;
				GENERATE_INFOPLIST_FILE = YES;
				IPHONEOS_DEPLOYMENT_TARGET = 16.0;
				MACOSX_DEPLOYMENT_TARGET = 12.3;
				MARKETING_VERSION = 1.0;
				PRODUCT_BUNDLE_IDENTIFIER = vito.AvitoInternshipTaskTests;
				PRODUCT_NAME = "$(TARGET_NAME)";
				SDKROOT = auto;
				SUPPORTED_PLATFORMS = "iphoneos iphonesimulator macosx";
				SWIFT_EMIT_LOC_STRINGS = NO;
				SWIFT_VERSION = 5.0;
				TARGETED_DEVICE_FAMILY = "1,2";
				TEST_HOST = "$(BUILT_PRODUCTS_DIR)/AvitoInternshipTask.app/$(BUNDLE_EXECUTABLE_FOLDER_PATH)/AvitoInternshipTask";
			};
			name = Release;
		};
/* End XCBuildConfiguration section */

/* Begin XCConfigurationList section */
		37EF727B290C042F0052D165 /* Build configuration list for PBXProject "AvitoInternshipTask" */ = {
			isa = XCConfigurationList;
			buildConfigurations = (
				37EF7295290C04310052D165 /* Debug */,
				37EF7296290C04310052D165 /* Release */,
			);
			defaultConfigurationIsVisible = 0;
			defaultConfigurationName = Release;
		};
		37EF7297290C04310052D165 /* Build configuration list for PBXNativeTarget "AvitoInternshipTask" */ = {
			isa = XCConfigurationList;
			buildConfigurations = (
				37EF7298290C04310052D165 /* Debug */,
				37EF7299290C04310052D165 /* Release */,
			);
			defaultConfigurationIsVisible = 0;
			defaultConfigurationName = Release;
		};
		37EF72C4290C337F0052D165 /* Build configuration list for PBXNativeTarget "AvitoInternshipTaskTests" */ = {
			isa = XCConfigurationList;
			buildConfigurations = (
				37EF72C5290C337F0052D165 /* Debug */,
				37EF72C6290C337F0052D165 /* Release */,
			);
			defaultConfigurationIsVisible = 0;
			defaultConfigurationName = Release;
		};
/* End XCConfigurationList section */

/* Begin XCVersionGroup section */
		37EF728C290C042F0052D165 /* AvitoInternshipTask.xcdatamodeld */ = {
			isa = XCVersionGroup;
			children = (
				37EF728D290C042F0052D165 /* AvitoInternshipTask.xcdatamodel */,
			);
			currentVersion = 37EF728D290C042F0052D165 /* AvitoInternshipTask.xcdatamodel */;
			path = AvitoInternshipTask.xcdatamodeld;
			sourceTree = "<group>";
			versionGroupType = wrapper.xcdatamodel;
		};
/* End XCVersionGroup section */
	};
	rootObject = 37EF7278290C042F0052D165 /* Project object */;
}
